PODS:
  - audioplayers (0.0.1):
    - Flutter
  - Flutter (1.0.0)
  - path_provider (0.0.1):
    - Flutter
  - speech_recognition (0.3.0):
    - Flutter

DEPENDENCIES:
  - audioplayers (from `.symlinks/plugins/audioplayers/ios`)
  - Flutter (from `Flutter`)
  - path_provider (from `.symlinks/plugins/path_provider/ios`)
  - speech_recognition (from `.symlinks/plugins/speech_recognition/ios`)

EXTERNAL SOURCES:
  audioplayers:
    :path: ".symlinks/plugins/audioplayers/ios"
  Flutter:
    :path: Flutter
  path_provider:
    :path: ".symlinks/plugins/path_provider/ios"
  speech_recognition:
    :path: ".symlinks/plugins/speech_recognition/ios"

SPEC CHECKSUMS:
  audioplayers: 53f0f30789b10ab2009771c6c79def00980945e4
  Flutter: 0e3d915762c693b495b44d77113d4970485de6ec
  path_provider: abfe2b5c733d04e238b0d8691db0cfd63a27a93c
  speech_recognition: b5319aace06c3633c0547de44899f6e0bf8b2168

PODFILE CHECKSUM: aafe91acc616949ddb318b77800a7f51bffa2a4c

COCOAPODS: 1.9.3
